
Microsoft Visual Studio Solution File, Format Version 12.00
# Visual Studio Version 17
VisualStudioVersion = 17.7.34009.444
MinimumVisualStudioVersion = 10.0.40219.1
Project("{FAE04EC0-301F-11D3-BF4B-00C04F79EFBC}") = "myWebApp", "myWebApp\myWebApp.csproj", "{64AD74C4-7A45-4347-A166-F0DC58F97309}"
EndProject
Global
	GlobalSection(SolutionConfigurationPlatforms) = preSolution
		Debug|Any CPU = Debug|Any CPU
		Release|Any CPU = Release|Any CPU
	EndGlobalSection
	GlobalSection(ProjectConfigurationPlatforms) = postSolution
		{64AD74C4-7A45-4347-A166-F0DC58F97309}.Debug|Any CPU.ActiveCfg = Debug|Any CPU
		{64AD74C4-7A45-4347-A166-F0DC58F97309}.Debug|Any CPU.Build.0 = Debug|Any CPU
		{64AD74C4-7A45-4347-A166-F0DC58F97309}.Release|Any CPU.ActiveCfg = Release|Any CPU
		{64AD74C4-7A45-4347-A166-F0DC58F97309}.Release|Any CPU.Build.0 = Release|Any CPU
	EndGlobalSection
	GlobalSection(SolutionProperties) = preSolution
		HideSolutionNode = FALSE
	EndGlobalSection
	GlobalSection(ExtensibilityGlobals) = postSolution
		SolutionGuid = {81582F00-9952-428C-A51E-C557D6E5DC57}
	EndGlobalSection
EndGlobal
